
Microsoft Visual Studio Solution File, Format Version 12.00
# Visual Studio Version 17
VisualStudioVersion = 17.6.33723.286
MinimumVisualStudioVersion = 10.0.40219.1
Project("{FAE04EC0-301F-11D3-BF4B-00C04F79EFBC}") = "MagicVilla_API", "MagicVilla_API\MagicVilla_API.csproj", "{F01393CE-0EA5-49D9-B219-9586C24CCABE}"
EndProject
Global
	GlobalSection(SolutionConfigurationPlatforms) = preSolution
		Debug|Any CPU = Debug|Any CPU
		Release|Any CPU = Release|Any CPU
	EndGlobalSection
	GlobalSection(ProjectConfigurationPlatforms) = postSolution
		{F01393CE-0EA5-49D9-B219-9586C24CCABE}.Debug|Any CPU.ActiveCfg = Debug|Any CPU
		{F01393CE-0EA5-49D9-B219-9586C24CCABE}.Debug|Any CPU.Build.0 = Debug|Any CPU
		{F01393CE-0EA5-49D9-B219-9586C24CCABE}.Release|Any CPU.ActiveCfg = Release|Any CPU
		{F01393CE-0EA5-49D9-B219-9586C24CCABE}.Release|Any CPU.Build.0 = Release|Any CPU
	EndGlobalSection
	GlobalSection(SolutionProperties) = preSolution
		HideSolutionNode = FALSE
	EndGlobalSection
	GlobalSection(ExtensibilityGlobals) = postSolution
		SolutionGuid = {AD343DF0-1EEB-45F7-B150-40EA10667E4A}
	EndGlobalSection
EndGlobal
